
Microsoft Visual Studio Solution File, Format Version 12.00
# Visual Studio Version 17
VisualStudioVersion = 17.3.32811.315
MinimumVisualStudioVersion = 10.0.40219.1
Project("{2150E333-8FDC-42A3-9474-1A3956D46DE8}") = "2022", "2022", "{794BF80D-0703-4A0C-8370-1F443A70C0C7}"
EndProject
Project("{2150E333-8FDC-42A3-9474-1A3956D46DE8}") = "Day 1 - Calorie Counting", "Day 1 - Calorie Counting", "{D87C02EC-26B7-47E8-B9C0-A296192D48FC}"
EndProject
Project("{9A19103F-16F7-4668-BE54-9A1E7A4F7556}") = "AoC_2022_Day1", "2022\Day 1 - Calorie Counting\AoC_2022_Day1.csproj", "{1DA715B9-AB8C-4243-BF03-9C9CA6C5E56D}"
EndProject
Project("{2150E333-8FDC-42A3-9474-1A3956D46DE8}") = "Domain", "Domain", "{FB754A56-73C4-45E1-B138-F364A81E4DCF}"
EndProject
Project("{9A19103F-16F7-4668-BE54-9A1E7A4F7556}") = "AdventOfCode.Domain", "2022\AdventOfCode.Domain\AdventOfCode.Domain.csproj", "{ADFFE81A-2CF6-44D5-879D-6C6FF4B998BE}"
EndProject
Project("{2150E333-8FDC-42A3-9474-1A3956D46DE8}") = "Day 2 - Rock Paper Scissors", "Day 2 - Rock Paper Scissors", "{3064A89A-810E-4B63-8376-67DFAEF18E50}"
EndProject
Project("{9A19103F-16F7-4668-BE54-9A1E7A4F7556}") = "AoC_2022_Day2", "2022\Day 2 - Rock Paper Scissors\AoC_2022_Day2.csproj", "{BD1EBEBB-371C-4788-A14D-F4636D94F75F}"
EndProject
Project("{2150E333-8FDC-42A3-9474-1A3956D46DE8}") = "Day 3 - Rucksack Reorganization", "Day 3 - Rucksack Reorganization", "{68BCCCA3-D1F4-4520-A13C-0BEE37621E89}"
EndProject
Project("{9A19103F-16F7-4668-BE54-9A1E7A4F7556}") = "AoC_2022_Day3", "2022\Day 3 - Rucksack Reorganization\AoC_2022_Day3.csproj", "{7C514D55-1BBF-49FC-927B-C0AE143FA5F6}"
EndProject
Project("{2150E333-8FDC-42A3-9474-1A3956D46DE8}") = "Day 4 - Camp Cleanup", "Day 4 - Camp Cleanup", "{491133B0-15E3-48D1-8382-79B62771687F}"
EndProject
Project("{9A19103F-16F7-4668-BE54-9A1E7A4F7556}") = "AoC_2022_Day4", "2022\Day 4 - Camp Cleanup\AoC_2022_Day4.csproj", "{C14AC035-5F95-4306-B246-4CE2B628CCCD}"
EndProject
Project("{2150E333-8FDC-42A3-9474-1A3956D46DE8}") = "Day 5 - Supply Stacks", "Day 5 - Supply Stacks", "{313A1C57-33B3-4D48-84CA-EBE48AD837F2}"
EndProject
Project("{FAE04EC0-301F-11D3-BF4B-00C04F79EFBC}") = "AoC_2022_Day5", "2022\Day 5 - Supply Stacks\AoC_2022_Day5.csproj", "{D1B6C87A-9D83-4620-89AD-CA8E021504C6}"
EndProject
Global
	GlobalSection(SolutionConfigurationPlatforms) = preSolution
		Debug|Any CPU = Debug|Any CPU
		Release|Any CPU = Release|Any CPU
	EndGlobalSection
	GlobalSection(ProjectConfigurationPlatforms) = postSolution
		{1DA715B9-AB8C-4243-BF03-9C9CA6C5E56D}.Debug|Any CPU.ActiveCfg = Debug|Any CPU
		{1DA715B9-AB8C-4243-BF03-9C9CA6C5E56D}.Debug|Any CPU.Build.0 = Debug|Any CPU
		{1DA715B9-AB8C-4243-BF03-9C9CA6C5E56D}.Release|Any CPU.ActiveCfg = Release|Any CPU
		{1DA715B9-AB8C-4243-BF03-9C9CA6C5E56D}.Release|Any CPU.Build.0 = Release|Any CPU
		{ADFFE81A-2CF6-44D5-879D-6C6FF4B998BE}.Debug|Any CPU.ActiveCfg = Debug|Any CPU
		{ADFFE81A-2CF6-44D5-879D-6C6FF4B998BE}.Debug|Any CPU.Build.0 = Debug|Any CPU
		{ADFFE81A-2CF6-44D5-879D-6C6FF4B998BE}.Release|Any CPU.ActiveCfg = Release|Any CPU
		{ADFFE81A-2CF6-44D5-879D-6C6FF4B998BE}.Release|Any CPU.Build.0 = Release|Any CPU
		{BD1EBEBB-371C-4788-A14D-F4636D94F75F}.Debug|Any CPU.ActiveCfg = Debug|Any CPU
		{BD1EBEBB-371C-4788-A14D-F4636D94F75F}.Debug|Any CPU.Build.0 = Debug|Any CPU
		{BD1EBEBB-371C-4788-A14D-F4636D94F75F}.Release|Any CPU.ActiveCfg = Release|Any CPU
		{BD1EBEBB-371C-4788-A14D-F4636D94F75F}.Release|Any CPU.Build.0 = Release|Any CPU
		{7C514D55-1BBF-49FC-927B-C0AE143FA5F6}.Debug|Any CPU.ActiveCfg = Debug|Any CPU
		{7C514D55-1BBF-49FC-927B-C0AE143FA5F6}.Debug|Any CPU.Build.0 = Debug|Any CPU
		{7C514D55-1BBF-49FC-927B-C0AE143FA5F6}.Release|Any CPU.ActiveCfg = Release|Any CPU
		{7C514D55-1BBF-49FC-927B-C0AE143FA5F6}.Release|Any CPU.Build.0 = Release|Any CPU
		{C14AC035-5F95-4306-B246-4CE2B628CCCD}.Debug|Any CPU.ActiveCfg = Debug|Any CPU
		{C14AC035-5F95-4306-B246-4CE2B628CCCD}.Debug|Any CPU.Build.0 = Debug|Any CPU
		{C14AC035-5F95-4306-B246-4CE2B628CCCD}.Release|Any CPU.ActiveCfg = Release|Any CPU
		{C14AC035-5F95-4306-B246-4CE2B628CCCD}.Release|Any CPU.Build.0 = Release|Any CPU
		{D1B6C87A-9D83-4620-89AD-CA8E021504C6}.Debug|Any CPU.ActiveCfg = Debug|Any CPU
		{D1B6C87A-9D83-4620-89AD-CA8E021504C6}.Debug|Any CPU.Build.0 = Debug|Any CPU
		{D1B6C87A-9D83-4620-89AD-CA8E021504C6}.Release|Any CPU.ActiveCfg = Release|Any CPU
		{D1B6C87A-9D83-4620-89AD-CA8E021504C6}.Release|Any CPU.Build.0 = Release|Any CPU
	EndGlobalSection
	GlobalSection(SolutionProperties) = preSolution
		HideSolutionNode = FALSE
	EndGlobalSection
	GlobalSection(NestedProjects) = preSolution
		{D87C02EC-26B7-47E8-B9C0-A296192D48FC} = {794BF80D-0703-4A0C-8370-1F443A70C0C7}
		{1DA715B9-AB8C-4243-BF03-9C9CA6C5E56D} = {D87C02EC-26B7-47E8-B9C0-A296192D48FC}
		{ADFFE81A-2CF6-44D5-879D-6C6FF4B998BE} = {FB754A56-73C4-45E1-B138-F364A81E4DCF}
		{3064A89A-810E-4B63-8376-67DFAEF18E50} = {794BF80D-0703-4A0C-8370-1F443A70C0C7}
		{BD1EBEBB-371C-4788-A14D-F4636D94F75F} = {3064A89A-810E-4B63-8376-67DFAEF18E50}
		{68BCCCA3-D1F4-4520-A13C-0BEE37621E89} = {794BF80D-0703-4A0C-8370-1F443A70C0C7}
		{7C514D55-1BBF-49FC-927B-C0AE143FA5F6} = {68BCCCA3-D1F4-4520-A13C-0BEE37621E89}
		{491133B0-15E3-48D1-8382-79B62771687F} = {794BF80D-0703-4A0C-8370-1F443A70C0C7}
		{C14AC035-5F95-4306-B246-4CE2B628CCCD} = {491133B0-15E3-48D1-8382-79B62771687F}
		{313A1C57-33B3-4D48-84CA-EBE48AD837F2} = {794BF80D-0703-4A0C-8370-1F443A70C0C7}
		{D1B6C87A-9D83-4620-89AD-CA8E021504C6} = {313A1C57-33B3-4D48-84CA-EBE48AD837F2}
	EndGlobalSection
	GlobalSection(ExtensibilityGlobals) = postSolution
		SolutionGuid = {7A33C18F-871B-4F1A-9B2E-B0957CC786CE}
	EndGlobalSection
EndGlobal
